
Microsoft Visual Studio Solution File, Format Version 12.00
# Visual Studio 15
VisualStudioVersion = 15.0.28307.539
MinimumVisualStudioVersion = 10.0.40219.1
Project("{FAE04EC0-301F-11D3-BF4B-00C04F79EFBC}") = "XamTutorial.Android", "XamTutorial\XamTutorial.Android\XamTutorial.Android.csproj", "{0BC06ED1-AD25-4693-AB44-DA2524D33608}"
EndProject
Project("{FAE04EC0-301F-11D3-BF4B-00C04F79EFBC}") = "XamTutorial.iOS", "XamTutorial\XamTutorial.iOS\XamTutorial.iOS.csproj", "{44DE5109-B502-4189-8DDC-ADF2564D6D7D}"
EndProject
Project("{FAE04EC0-301F-11D3-BF4B-00C04F79EFBC}") = "XamTutorial.UWP", "XamTutorial\XamTutorial.UWP\XamTutorial.UWP.csproj", "{2489C5FD-BE9B-4ED4-8E6F-3AE2A65B2721}"
EndProject
Project("{FAE04EC0-301F-11D3-BF4B-00C04F79EFBC}") = "XamTutorial", "XamTutorial\XamTutorial\XamTutorial.csproj", "{A841F094-0E3C-4626-8F3D-689081EBE0E6}"
EndProject
Global
	GlobalSection(SolutionConfigurationPlatforms) = preSolution
		Ad-Hoc|Any CPU = Ad-Hoc|Any CPU
		Ad-Hoc|ARM = Ad-Hoc|ARM
		Ad-Hoc|iPhone = Ad-Hoc|iPhone
		Ad-Hoc|iPhoneSimulator = Ad-Hoc|iPhoneSimulator
		Ad-Hoc|x64 = Ad-Hoc|x64
		Ad-Hoc|x86 = Ad-Hoc|x86
		AppStore|Any CPU = AppStore|Any CPU
		AppStore|ARM = AppStore|ARM
		AppStore|iPhone = AppStore|iPhone
		AppStore|iPhoneSimulator = AppStore|iPhoneSimulator
		AppStore|x64 = AppStore|x64
		AppStore|x86 = AppStore|x86
		Debug|Any CPU = Debug|Any CPU
		Debug|ARM = Debug|ARM
		Debug|iPhone = Debug|iPhone
		Debug|iPhoneSimulator = Debug|iPhoneSimulator
		Debug|x64 = Debug|x64
		Debug|x86 = Debug|x86
		Release|Any CPU = Release|Any CPU
		Release|ARM = Release|ARM
		Release|iPhone = Release|iPhone
		Release|iPhoneSimulator = Release|iPhoneSimulator
		Release|x64 = Release|x64
		Release|x86 = Release|x86
	EndGlobalSection
	GlobalSection(ProjectConfigurationPlatforms) = postSolution
		{0BC06ED1-AD25-4693-AB44-DA2524D33608}.Ad-Hoc|Any CPU.ActiveCfg = Release|Any CPU
		{0BC06ED1-AD25-4693-AB44-DA2524D33608}.Ad-Hoc|Any CPU.Build.0 = Release|Any CPU
		{0BC06ED1-AD25-4693-AB44-DA2524D33608}.Ad-Hoc|Any CPU.Deploy.0 = Release|Any CPU
		{0BC06ED1-AD25-4693-AB44-DA2524D33608}.Ad-Hoc|ARM.ActiveCfg = Release|Any CPU
		{0BC06ED1-AD25-4693-AB44-DA2524D33608}.Ad-Hoc|ARM.Build.0 = Release|Any CPU
		{0BC06ED1-AD25-4693-AB44-DA2524D33608}.Ad-Hoc|ARM.Deploy.0 = Release|Any CPU
		{0BC06ED1-AD25-4693-AB44-DA2524D33608}.Ad-Hoc|iPhone.ActiveCfg = Release|Any CPU
		{0BC06ED1-AD25-4693-AB44-DA2524D33608}.Ad-Hoc|iPhone.Build.0 = Release|Any CPU
		{0BC06ED1-AD25-4693-AB44-DA2524D33608}.Ad-Hoc|iPhone.Deploy.0 = Release|Any CPU
		{0BC06ED1-AD25-4693-AB44-DA2524D33608}.Ad-Hoc|iPhoneSimulator.ActiveCfg = Release|Any CPU
		{0BC06ED1-AD25-4693-AB44-DA2524D33608}.Ad-Hoc|iPhoneSimulator.Build.0 = Release|Any CPU
		{0BC06ED1-AD25-4693-AB44-DA2524D33608}.Ad-Hoc|iPhoneSimulator.Deploy.0 = Release|Any CPU
		{0BC06ED1-AD25-4693-AB44-DA2524D33608}.Ad-Hoc|x64.ActiveCfg = Release|Any CPU
		{0BC06ED1-AD25-4693-AB44-DA2524D33608}.Ad-Hoc|x64.Build.0 = Release|Any CPU
		{0BC06ED1-AD25-4693-AB44-DA2524D33608}.Ad-Hoc|x64.Deploy.0 = Release|Any CPU
		{0BC06ED1-AD25-4693-AB44-DA2524D33608}.Ad-Hoc|x86.ActiveCfg = Release|Any CPU
		{0BC06ED1-AD25-4693-AB44-DA2524D33608}.Ad-Hoc|x86.Build.0 = Release|Any CPU
		{0BC06ED1-AD25-4693-AB44-DA2524D33608}.Ad-Hoc|x86.Deploy.0 = Release|Any CPU
		{0BC06ED1-AD25-4693-AB44-DA2524D33608}.AppStore|Any CPU.ActiveCfg = Release|Any CPU
		{0BC06ED1-AD25-4693-AB44-DA2524D33608}.AppStore|Any CPU.Build.0 = Release|Any CPU
		{0BC06ED1-AD25-4693-AB44-DA2524D33608}.AppStore|Any CPU.Deploy.0 = Release|Any CPU
		{0BC06ED1-AD25-4693-AB44-DA2524D33608}.AppStore|ARM.ActiveCfg = Release|Any CPU
		{0BC06ED1-AD25-4693-AB44-DA2524D33608}.AppStore|ARM.Build.0 = Release|Any CPU
		{0BC06ED1-AD25-4693-AB44-DA2524D33608}.AppStore|ARM.Deploy.0 = Release|Any CPU
		{0BC06ED1-AD25-4693-AB44-DA2524D33608}.AppStore|iPhone.ActiveCfg = Release|Any CPU
		{0BC06ED1-AD25-4693-AB44-DA2524D33608}.AppStore|iPhone.Build.0 = Release|Any CPU
		{0BC06ED1-AD25-4693-AB44-DA2524D33608}.AppStore|iPhone.Deploy.0 = Release|Any CPU
		{0BC06ED1-AD25-4693-AB44-DA2524D33608}.AppStore|iPhoneSimulator.ActiveCfg = Release|Any CPU
		{0BC06ED1-AD25-4693-AB44-DA2524D33608}.AppStore|iPhoneSimulator.Build.0 = Release|Any CPU
		{0BC06ED1-AD25-4693-AB44-DA2524D33608}.AppStore|iPhoneSimulator.Deploy.0 = Release|Any CPU
		{0BC06ED1-AD25-4693-AB44-DA2524D33608}.AppStore|x64.ActiveCfg = Release|Any CPU
		{0BC06ED1-AD25-4693-AB44-DA2524D33608}.AppStore|x64.Build.0 = Release|Any CPU
		{0BC06ED1-AD25-4693-AB44-DA2524D33608}.AppStore|x64.Deploy.0 = Release|Any CPU
		{0BC06ED1-AD25-4693-AB44-DA2524D33608}.AppStore|x86.ActiveCfg = Release|Any CPU
		{0BC06ED1-AD25-4693-AB44-DA2524D33608}.AppStore|x86.Build.0 = Release|Any CPU
		{0BC06ED1-AD25-4693-AB44-DA2524D33608}.AppStore|x86.Deploy.0 = Release|Any CPU
		{0BC06ED1-AD25-4693-AB44-DA2524D33608}.Debug|Any CPU.ActiveCfg = Debug|Any CPU
		{0BC06ED1-AD25-4693-AB44-DA2524D33608}.Debug|Any CPU.Build.0 = Debug|Any CPU
		{0BC06ED1-AD25-4693-AB44-DA2524D33608}.Debug|Any CPU.Deploy.0 = Debug|Any CPU
		{0BC06ED1-AD25-4693-AB44-DA2524D33608}.Debug|ARM.ActiveCfg = Debug|Any CPU
		{0BC06ED1-AD25-4693-AB44-DA2524D33608}.Debug|ARM.Build.0 = Debug|Any CPU
		{0BC06ED1-AD25-4693-AB44-DA2524D33608}.Debug|ARM.Deploy.0 = Debug|Any CPU
		{0BC06ED1-AD25-4693-AB44-DA2524D33608}.Debug|iPhone.ActiveCfg = Debug|Any CPU
		{0BC06ED1-AD25-4693-AB44-DA2524D33608}.Debug|iPhone.Build.0 = Debug|Any CPU
		{0BC06ED1-AD25-4693-AB44-DA2524D33608}.Debug|iPhone.Deploy.0 = Debug|Any CPU
		{0BC06ED1-AD25-4693-AB44-DA2524D33608}.Debug|iPhoneSimulator.ActiveCfg = Debug|Any CPU
		{0BC06ED1-AD25-4693-AB44-DA2524D33608}.Debug|iPhoneSimulator.Build.0 = Debug|Any CPU
		{0BC06ED1-AD25-4693-AB44-DA2524D33608}.Debug|iPhoneSimulator.Deploy.0 = Debug|Any CPU
		{0BC06ED1-AD25-4693-AB44-DA2524D33608}.Debug|x64.ActiveCfg = Debug|Any CPU
		{0BC06ED1-AD25-4693-AB44-DA2524D33608}.Debug|x64.Build.0 = Debug|Any CPU
		{0BC06ED1-AD25-4693-AB44-DA2524D33608}.Debug|x64.Deploy.0 = Debug|Any CPU
		{0BC06ED1-AD25-4693-AB44-DA2524D33608}.Debug|x86.ActiveCfg = Debug|Any CPU
		{0BC06ED1-AD25-4693-AB44-DA2524D33608}.Debug|x86.Build.0 = Debug|Any CPU
		{0BC06ED1-AD25-4693-AB44-DA2524D33608}.Debug|x86.Deploy.0 = Debug|Any CPU
		{0BC06ED1-AD25-4693-AB44-DA2524D33608}.Release|Any CPU.ActiveCfg = Release|Any CPU
		{0BC06ED1-AD25-4693-AB44-DA2524D33608}.Release|Any CPU.Build.0 = Release|Any CPU
		{0BC06ED1-AD25-4693-AB44-DA2524D33608}.Release|Any CPU.Deploy.0 = Release|Any CPU
		{0BC06ED1-AD25-4693-AB44-DA2524D33608}.Release|ARM.ActiveCfg = Release|Any CPU
		{0BC06ED1-AD25-4693-AB44-DA2524D33608}.Release|ARM.Build.0 = Release|Any CPU
		{0BC06ED1-AD25-4693-AB44-DA2524D33608}.Release|ARM.Deploy.0 = Release|Any CPU
		{0BC06ED1-AD25-4693-AB44-DA2524D33608}.Release|iPhone.ActiveCfg = Release|Any CPU
		{0BC06ED1-AD25-4693-AB44-DA2524D33608}.Release|iPhone.Build.0 = Release|Any CPU
		{0BC06ED1-AD25-4693-AB44-DA2524D33608}.Release|iPhone.Deploy.0 = Release|Any CPU
		{0BC06ED1-AD25-4693-AB44-DA2524D33608}.Release|iPhoneSimulator.ActiveCfg = Release|Any CPU
		{0BC06ED1-AD25-4693-AB44-DA2524D33608}.Release|iPhoneSimulator.Build.0 = Release|Any CPU
		{0BC06ED1-AD25-4693-AB44-DA2524D33608}.Release|iPhoneSimulator.Deploy.0 = Release|Any CPU
		{0BC06ED1-AD25-4693-AB44-DA2524D33608}.Release|x64.ActiveCfg = Release|Any CPU
		{0BC06ED1-AD25-4693-AB44-DA2524D33608}.Release|x64.Build.0 = Release|Any CPU
		{0BC06ED1-AD25-4693-AB44-DA2524D33608}.Release|x64.Deploy.0 = Release|Any CPU
		{0BC06ED1-AD25-4693-AB44-DA2524D33608}.Release|x86.ActiveCfg = Release|Any CPU
		{0BC06ED1-AD25-4693-AB44-DA2524D33608}.Release|x86.Build.0 = Release|Any CPU
		{0BC06ED1-AD25-4693-AB44-DA2524D33608}.Release|x86.Deploy.0 = Release|Any CPU
		{44DE5109-B502-4189-8DDC-ADF2564D6D7D}.Ad-Hoc|Any CPU.ActiveCfg = Ad-Hoc|iPhone
		{44DE5109-B502-4189-8DDC-ADF2564D6D7D}.Ad-Hoc|Any CPU.Build.0 = Ad-Hoc|iPhone
		{44DE5109-B502-4189-8DDC-ADF2564D6D7D}.Ad-Hoc|Any CPU.Deploy.0 = Ad-Hoc|iPhone
		{44DE5109-B502-4189-8DDC-ADF2564D6D7D}.Ad-Hoc|ARM.ActiveCfg = Ad-Hoc|iPhone
		{44DE5109-B502-4189-8DDC-ADF2564D6D7D}.Ad-Hoc|ARM.Build.0 = Ad-Hoc|iPhone
		{44DE5109-B502-4189-8DDC-ADF2564D6D7D}.Ad-Hoc|ARM.Deploy.0 = Ad-Hoc|iPhone
		{44DE5109-B502-4189-8DDC-ADF2564D6D7D}.Ad-Hoc|iPhone.ActiveCfg = Ad-Hoc|iPhone
		{44DE5109-B502-4189-8DDC-ADF2564D6D7D}.Ad-Hoc|iPhone.Build.0 = Ad-Hoc|iPhone
		{44DE5109-B502-4189-8DDC-ADF2564D6D7D}.Ad-Hoc|iPhone.Deploy.0 = Ad-Hoc|iPhone
		{44DE5109-B502-4189-8DDC-ADF2564D6D7D}.Ad-Hoc|iPhoneSimulator.ActiveCfg = Ad-Hoc|iPhoneSimulator
		{44DE5109-B502-4189-8DDC-ADF2564D6D7D}.Ad-Hoc|iPhoneSimulator.Build.0 = Ad-Hoc|iPhoneSimulator
		{44DE5109-B502-4189-8DDC-ADF2564D6D7D}.Ad-Hoc|iPhoneSimulator.Deploy.0 = Ad-Hoc|iPhoneSimulator
		{44DE5109-B502-4189-8DDC-ADF2564D6D7D}.Ad-Hoc|x64.ActiveCfg = Ad-Hoc|iPhone
		{44DE5109-B502-4189-8DDC-ADF2564D6D7D}.Ad-Hoc|x64.Build.0 = Ad-Hoc|iPhone
		{44DE5109-B502-4189-8DDC-ADF2564D6D7D}.Ad-Hoc|x64.Deploy.0 = Ad-Hoc|iPhone
		{44DE5109-B502-4189-8DDC-ADF2564D6D7D}.Ad-Hoc|x86.ActiveCfg = Ad-Hoc|iPhone
		{44DE5109-B502-4189-8DDC-ADF2564D6D7D}.Ad-Hoc|x86.Build.0 = Ad-Hoc|iPhone
		{44DE5109-B502-4189-8DDC-ADF2564D6D7D}.Ad-Hoc|x86.Deploy.0 = Ad-Hoc|iPhone
		{44DE5109-B502-4189-8DDC-ADF2564D6D7D}.AppStore|Any CPU.ActiveCfg = AppStore|iPhone
		{44DE5109-B502-4189-8DDC-ADF2564D6D7D}.AppStore|Any CPU.Build.0 = AppStore|iPhone
		{44DE5109-B502-4189-8DDC-ADF2564D6D7D}.AppStore|Any CPU.Deploy.0 = AppStore|iPhone
		{44DE5109-B502-4189-8DDC-ADF2564D6D7D}.AppStore|ARM.ActiveCfg = AppStore|iPhone
		{44DE5109-B502-4189-8DDC-ADF2564D6D7D}.AppStore|ARM.Build.0 = AppStore|iPhone
		{44DE5109-B502-4189-8DDC-ADF2564D6D7D}.AppStore|ARM.Deploy.0 = AppStore|iPhone
		{44DE5109-B502-4189-8DDC-ADF2564D6D7D}.AppStore|iPhone.ActiveCfg = AppStore|iPhone
		{44DE5109-B502-4189-8DDC-ADF2564D6D7D}.AppStore|iPhone.Build.0 = AppStore|iPhone
		{44DE5109-B502-4189-8DDC-ADF2564D6D7D}.AppStore|iPhone.Deploy.0 = AppStore|iPhone
		{44DE5109-B502-4189-8DDC-ADF2564D6D7D}.AppStore|iPhoneSimulator.ActiveCfg = AppStore|iPhoneSimulator
		{44DE5109-B502-4189-8DDC-ADF2564D6D7D}.AppStore|iPhoneSimulator.Build.0 = AppStore|iPhoneSimulator
		{44DE5109-B502-4189-8DDC-ADF2564D6D7D}.AppStore|iPhoneSimulator.Deploy.0 = AppStore|iPhoneSimulator
		{44DE5109-B502-4189-8DDC-ADF2564D6D7D}.AppStore|x64.ActiveCfg = AppStore|iPhone
		{44DE5109-B502-4189-8DDC-ADF2564D6D7D}.AppStore|x64.Build.0 = AppStore|iPhone
		{44DE5109-B502-4189-8DDC-ADF2564D6D7D}.AppStore|x64.Deploy.0 = AppStore|iPhone
		{44DE5109-B502-4189-8DDC-ADF2564D6D7D}.AppStore|x86.ActiveCfg = AppStore|iPhone
		{44DE5109-B502-4189-8DDC-ADF2564D6D7D}.AppStore|x86.Build.0 = AppStore|iPhone
		{44DE5109-B502-4189-8DDC-ADF2564D6D7D}.AppStore|x86.Deploy.0 = AppStore|iPhone
		{44DE5109-B502-4189-8DDC-ADF2564D6D7D}.Debug|Any CPU.ActiveCfg = Debug|iPhoneSimulator
		{44DE5109-B502-4189-8DDC-ADF2564D6D7D}.Debug|Any CPU.Build.0 = Debug|iPhoneSimulator
		{44DE5109-B502-4189-8DDC-ADF2564D6D7D}.Debug|Any CPU.Deploy.0 = Debug|iPhoneSimulator
		{44DE5109-B502-4189-8DDC-ADF2564D6D7D}.Debug|ARM.ActiveCfg = Debug|iPhone
		{44DE5109-B502-4189-8DDC-ADF2564D6D7D}.Debug|ARM.Build.0 = Debug|iPhone
		{44DE5109-B502-4189-8DDC-ADF2564D6D7D}.Debug|ARM.Deploy.0 = Debug|iPhone
		{44DE5109-B502-4189-8DDC-ADF2564D6D7D}.Debug|iPhone.ActiveCfg = Debug|iPhone
		{44DE5109-B502-4189-8DDC-ADF2564D6D7D}.Debug|iPhone.Build.0 = Debug|iPhone
		{44DE5109-B502-4189-8DDC-ADF2564D6D7D}.Debug|iPhone.Deploy.0 = Debug|iPhone
		{44DE5109-B502-4189-8DDC-ADF2564D6D7D}.Debug|iPhoneSimulator.ActiveCfg = Debug|iPhoneSimulator
		{44DE5109-B502-4189-8DDC-ADF2564D6D7D}.Debug|iPhoneSimulator.Build.0 = Debug|iPhoneSimulator
		{44DE5109-B502-4189-8DDC-ADF2564D6D7D}.Debug|iPhoneSimulator.Deploy.0 = Debug|iPhoneSimulator
		{44DE5109-B502-4189-8DDC-ADF2564D6D7D}.Debug|x64.ActiveCfg = Debug|iPhone
		{44DE5109-B502-4189-8DDC-ADF2564D6D7D}.Debug|x64.Build.0 = Debug|iPhone
		{44DE5109-B502-4189-8DDC-ADF2564D6D7D}.Debug|x64.Deploy.0 = Debug|iPhone
		{44DE5109-B502-4189-8DDC-ADF2564D6D7D}.Debug|x86.ActiveCfg = Debug|iPhone
		{44DE5109-B502-4189-8DDC-ADF2564D6D7D}.Debug|x86.Build.0 = Debug|iPhone
		{44DE5109-B502-4189-8DDC-ADF2564D6D7D}.Debug|x86.Deploy.0 = Debug|iPhone
		{44DE5109-B502-4189-8DDC-ADF2564D6D7D}.Release|Any CPU.ActiveCfg = Release|iPhone
		{44DE5109-B502-4189-8DDC-ADF2564D6D7D}.Release|Any CPU.Build.0 = Release|iPhone
		{44DE5109-B502-4189-8DDC-ADF2564D6D7D}.Release|Any CPU.Deploy.0 = Release|iPhone
		{44DE5109-B502-4189-8DDC-ADF2564D6D7D}.Release|ARM.ActiveCfg = Release|iPhone
		{44DE5109-B502-4189-8DDC-ADF2564D6D7D}.Release|ARM.Build.0 = Release|iPhone
		{44DE5109-B502-4189-8DDC-ADF2564D6D7D}.Release|ARM.Deploy.0 = Release|iPhone
		{44DE5109-B502-4189-8DDC-ADF2564D6D7D}.Release|iPhone.ActiveCfg = Release|iPhone
		{44DE5109-B502-4189-8DDC-ADF2564D6D7D}.Release|iPhone.Build.0 = Release|iPhone
		{44DE5109-B502-4189-8DDC-ADF2564D6D7D}.Release|iPhone.Deploy.0 = Release|iPhone
		{44DE5109-B502-4189-8DDC-ADF2564D6D7D}.Release|iPhoneSimulator.ActiveCfg = Release|iPhoneSimulator
		{44DE5109-B502-4189-8DDC-ADF2564D6D7D}.Release|iPhoneSimulator.Build.0 = Release|iPhoneSimulator
		{44DE5109-B502-4189-8DDC-ADF2564D6D7D}.Release|iPhoneSimulator.Deploy.0 = Release|iPhoneSimulator
		{44DE5109-B502-4189-8DDC-ADF2564D6D7D}.Release|x64.ActiveCfg = Release|iPhone
		{44DE5109-B502-4189-8DDC-ADF2564D6D7D}.Release|x64.Build.0 = Release|iPhone
		{44DE5109-B502-4189-8DDC-ADF2564D6D7D}.Release|x64.Deploy.0 = Release|iPhone
		{44DE5109-B502-4189-8DDC-ADF2564D6D7D}.Release|x86.ActiveCfg = Release|iPhone
		{44DE5109-B502-4189-8DDC-ADF2564D6D7D}.Release|x86.Build.0 = Release|iPhone
		{44DE5109-B502-4189-8DDC-ADF2564D6D7D}.Release|x86.Deploy.0 = Release|iPhone
		{2489C5FD-BE9B-4ED4-8E6F-3AE2A65B2721}.Ad-Hoc|Any CPU.ActiveCfg = Release|x86
		{2489C5FD-BE9B-4ED4-8E6F-3AE2A65B2721}.Ad-Hoc|Any CPU.Build.0 = Release|x86
		{2489C5FD-BE9B-4ED4-8E6F-3AE2A65B2721}.Ad-Hoc|Any CPU.Deploy.0 = Release|x86
		{2489C5FD-BE9B-4ED4-8E6F-3AE2A65B2721}.Ad-Hoc|ARM.ActiveCfg = Release|ARM
		{2489C5FD-BE9B-4ED4-8E6F-3AE2A65B2721}.Ad-Hoc|ARM.Build.0 = Release|ARM
		{2489C5FD-BE9B-4ED4-8E6F-3AE2A65B2721}.Ad-Hoc|ARM.Deploy.0 = Release|ARM
		{2489C5FD-BE9B-4ED4-8E6F-3AE2A65B2721}.Ad-Hoc|iPhone.ActiveCfg = Release|x86
		{2489C5FD-BE9B-4ED4-8E6F-3AE2A65B2721}.Ad-Hoc|iPhone.Build.0 = Release|x86
		{2489C5FD-BE9B-4ED4-8E6F-3AE2A65B2721}.Ad-Hoc|iPhone.Deploy.0 = Release|x86
		{2489C5FD-BE9B-4ED4-8E6F-3AE2A65B2721}.Ad-Hoc|iPhoneSimulator.ActiveCfg = Release|x86
		{2489C5FD-BE9B-4ED4-8E6F-3AE2A65B2721}.Ad-Hoc|iPhoneSimulator.Build.0 = Release|x86
		{2489C5FD-BE9B-4ED4-8E6F-3AE2A65B2721}.Ad-Hoc|iPhoneSimulator.Deploy.0 = Release|x86
		{2489C5FD-BE9B-4ED4-8E6F-3AE2A65B2721}.Ad-Hoc|x64.ActiveCfg = Release|x64
		{2489C5FD-BE9B-4ED4-8E6F-3AE2A65B2721}.Ad-Hoc|x64.Build.0 = Release|x64
		{2489C5FD-BE9B-4ED4-8E6F-3AE2A65B2721}.Ad-Hoc|x64.Deploy.0 = Release|x64
		{2489C5FD-BE9B-4ED4-8E6F-3AE2A65B2721}.Ad-Hoc|x86.ActiveCfg = Release|x86
		{2489C5FD-BE9B-4ED4-8E6F-3AE2A65B2721}.Ad-Hoc|x86.Build.0 = Release|x86
		{2489C5FD-BE9B-4ED4-8E6F-3AE2A65B2721}.Ad-Hoc|x86.Deploy.0 = Release|x86
		{2489C5FD-BE9B-4ED4-8E6F-3AE2A65B2721}.AppStore|Any CPU.ActiveCfg = Release|x86
		{2489C5FD-BE9B-4ED4-8E6F-3AE2A65B2721}.AppStore|Any CPU.Build.0 = Release|x86
		{2489C5FD-BE9B-4ED4-8E6F-3AE2A65B2721}.AppStore|Any CPU.Deploy.0 = Release|x86
		{2489C5FD-BE9B-4ED4-8E6F-3AE2A65B2721}.AppStore|ARM.ActiveCfg = Release|ARM
		{2489C5FD-BE9B-4ED4-8E6F-3AE2A65B2721}.AppStore|ARM.Build.0 = Release|ARM
		{2489C5FD-BE9B-4ED4-8E6F-3AE2A65B2721}.AppStore|ARM.Deploy.0 = Release|ARM
		{2489C5FD-BE9B-4ED4-8E6F-3AE2A65B2721}.AppStore|iPhone.ActiveCfg = Release|x86
		{2489C5FD-BE9B-4ED4-8E6F-3AE2A65B2721}.AppStore|iPhone.Build.0 = Release|x86
		{2489C5FD-BE9B-4ED4-8E6F-3AE2A65B2721}.AppStore|iPhone.Deploy.0 = Release|x86
		{2489C5FD-BE9B-4ED4-8E6F-3AE2A65B2721}.AppStore|iPhoneSimulator.ActiveCfg = Release|x86
		{2489C5FD-BE9B-4ED4-8E6F-3AE2A65B2721}.AppStore|iPhoneSimulator.Build.0 = Release|x86
		{2489C5FD-BE9B-4ED4-8E6F-3AE2A65B2721}.AppStore|iPhoneSimulator.Deploy.0 = Release|x86
		{2489C5FD-BE9B-4ED4-8E6F-3AE2A65B2721}.AppStore|x64.ActiveCfg = Release|x64
		{2489C5FD-BE9B-4ED4-8E6F-3AE2A65B2721}.AppStore|x64.Build.0 = Release|x64
		{2489C5FD-BE9B-4ED4-8E6F-3AE2A65B2721}.AppStore|x64.Deploy.0 = Release|x64
		{2489C5FD-BE9B-4ED4-8E6F-3AE2A65B2721}.AppStore|x86.ActiveCfg = Release|x86
		{2489C5FD-BE9B-4ED4-8E6F-3AE2A65B2721}.AppStore|x86.Build.0 = Release|x86
		{2489C5FD-BE9B-4ED4-8E6F-3AE2A65B2721}.AppStore|x86.Deploy.0 = Release|x86
		{2489C5FD-BE9B-4ED4-8E6F-3AE2A65B2721}.Debug|Any CPU.ActiveCfg = Debug|x86
		{2489C5FD-BE9B-4ED4-8E6F-3AE2A65B2721}.Debug|Any CPU.Build.0 = Debug|x86
		{2489C5FD-BE9B-4ED4-8E6F-3AE2A65B2721}.Debug|Any CPU.Deploy.0 = Debug|x86
		{2489C5FD-BE9B-4ED4-8E6F-3AE2A65B2721}.Debug|ARM.ActiveCfg = Debug|ARM
		{2489C5FD-BE9B-4ED4-8E6F-3AE2A65B2721}.Debug|ARM.Build.0 = Debug|ARM
		{2489C5FD-BE9B-4ED4-8E6F-3AE2A65B2721}.Debug|ARM.Deploy.0 = Debug|ARM
		{2489C5FD-BE9B-4ED4-8E6F-3AE2A65B2721}.Debug|iPhone.ActiveCfg = Debug|x86
		{2489C5FD-BE9B-4ED4-8E6F-3AE2A65B2721}.Debug|iPhone.Build.0 = Debug|x86
		{2489C5FD-BE9B-4ED4-8E6F-3AE2A65B2721}.Debug|iPhone.Deploy.0 = Debug|x86
		{2489C5FD-BE9B-4ED4-8E6F-3AE2A65B2721}.Debug|iPhoneSimulator.ActiveCfg = Debug|x86
		{2489C5FD-BE9B-4ED4-8E6F-3AE2A65B2721}.Debug|iPhoneSimulator.Build.0 = Debug|x86
		{2489C5FD-BE9B-4ED4-8E6F-3AE2A65B2721}.Debug|iPhoneSimulator.Deploy.0 = Debug|x86
		{2489C5FD-BE9B-4ED4-8E6F-3AE2A65B2721}.Debug|x64.ActiveCfg = Debug|x64
		{2489C5FD-BE9B-4ED4-8E6F-3AE2A65B2721}.Debug|x64.Build.0 = Debug|x64
		{2489C5FD-BE9B-4ED4-8E6F-3AE2A65B2721}.Debug|x64.Deploy.0 = Debug|x64
		{2489C5FD-BE9B-4ED4-8E6F-3AE2A65B2721}.Debug|x86.ActiveCfg = Debug|x86
		{2489C5FD-BE9B-4ED4-8E6F-3AE2A65B2721}.Debug|x86.Build.0 = Debug|x86
		{2489C5FD-BE9B-4ED4-8E6F-3AE2A65B2721}.Debug|x86.Deploy.0 = Debug|x86
		{2489C5FD-BE9B-4ED4-8E6F-3AE2A65B2721}.Release|Any CPU.ActiveCfg = Release|x86
		{2489C5FD-BE9B-4ED4-8E6F-3AE2A65B2721}.Release|Any CPU.Build.0 = Release|x86
		{2489C5FD-BE9B-4ED4-8E6F-3AE2A65B2721}.Release|Any CPU.Deploy.0 = Release|x86
		{2489C5FD-BE9B-4ED4-8E6F-3AE2A65B2721}.Release|ARM.ActiveCfg = Release|ARM
		{2489C5FD-BE9B-4ED4-8E6F-3AE2A65B2721}.Release|ARM.Build.0 = Release|ARM
		{2489C5FD-BE9B-4ED4-8E6F-3AE2A65B2721}.Release|ARM.Deploy.0 = Release|ARM
		{2489C5FD-BE9B-4ED4-8E6F-3AE2A65B2721}.Release|iPhone.ActiveCfg = Release|x86
		{2489C5FD-BE9B-4ED4-8E6F-3AE2A65B2721}.Release|iPhone.Build.0 = Release|x86
		{2489C5FD-BE9B-4ED4-8E6F-3AE2A65B2721}.Release|iPhone.Deploy.0 = Release|x86
		{2489C5FD-BE9B-4ED4-8E6F-3AE2A65B2721}.Release|iPhoneSimulator.ActiveCfg = Release|x86
		{2489C5FD-BE9B-4ED4-8E6F-3AE2A65B2721}.Release|iPhoneSimulator.Build.0 = Release|x86
		{2489C5FD-BE9B-4ED4-8E6F-3AE2A65B2721}.Release|iPhoneSimulator.Deploy.0 = Release|x86
		{2489C5FD-BE9B-4ED4-8E6F-3AE2A65B2721}.Release|x64.ActiveCfg = Release|x64
		{2489C5FD-BE9B-4ED4-8E6F-3AE2A65B2721}.Release|x64.Build.0 = Release|x64
		{2489C5FD-BE9B-4ED4-8E6F-3AE2A65B2721}.Release|x64.Deploy.0 = Release|x64
		{2489C5FD-BE9B-4ED4-8E6F-3AE2A65B2721}.Release|x86.ActiveCfg = Release|x86
		{2489C5FD-BE9B-4ED4-8E6F-3AE2A65B2721}.Release|x86.Build.0 = Release|x86
		{2489C5FD-BE9B-4ED4-8E6F-3AE2A65B2721}.Release|x86.Deploy.0 = Release|x86
		{A841F094-0E3C-4626-8F3D-689081EBE0E6}.Ad-Hoc|Any CPU.ActiveCfg = Debug|Any CPU
		{A841F094-0E3C-4626-8F3D-689081EBE0E6}.Ad-Hoc|Any CPU.Build.0 = Debug|Any CPU
		{A841F094-0E3C-4626-8F3D-689081EBE0E6}.Ad-Hoc|Any CPU.Deploy.0 = Debug|Any CPU
		{A841F094-0E3C-4626-8F3D-689081EBE0E6}.Ad-Hoc|ARM.ActiveCfg = Debug|Any CPU
		{A841F094-0E3C-4626-8F3D-689081EBE0E6}.Ad-Hoc|ARM.Build.0 = Debug|Any CPU
		{A841F094-0E3C-4626-8F3D-689081EBE0E6}.Ad-Hoc|ARM.Deploy.0 = Debug|Any CPU
		{A841F094-0E3C-4626-8F3D-689081EBE0E6}.Ad-Hoc|iPhone.ActiveCfg = Debug|Any CPU
		{A841F094-0E3C-4626-8F3D-689081EBE0E6}.Ad-Hoc|iPhone.Build.0 = Debug|Any CPU
		{A841F094-0E3C-4626-8F3D-689081EBE0E6}.Ad-Hoc|iPhone.Deploy.0 = Debug|Any CPU
		{A841F094-0E3C-4626-8F3D-689081EBE0E6}.Ad-Hoc|iPhoneSimulator.ActiveCfg = Debug|Any CPU
		{A841F094-0E3C-4626-8F3D-689081EBE0E6}.Ad-Hoc|iPhoneSimulator.Build.0 = Debug|Any CPU
		{A841F094-0E3C-4626-8F3D-689081EBE0E6}.Ad-Hoc|iPhoneSimulator.Deploy.0 = Debug|Any CPU
		{A841F094-0E3C-4626-8F3D-689081EBE0E6}.Ad-Hoc|x64.ActiveCfg = Debug|Any CPU
		{A841F094-0E3C-4626-8F3D-689081EBE0E6}.Ad-Hoc|x64.Build.0 = Debug|Any CPU
		{A841F094-0E3C-4626-8F3D-689081EBE0E6}.Ad-Hoc|x64.Deploy.0 = Debug|Any CPU
		{A841F094-0E3C-4626-8F3D-689081EBE0E6}.Ad-Hoc|x86.ActiveCfg = Debug|Any CPU
		{A841F094-0E3C-4626-8F3D-689081EBE0E6}.Ad-Hoc|x86.Build.0 = Debug|Any CPU
		{A841F094-0E3C-4626-8F3D-689081EBE0E6}.Ad-Hoc|x86.Deploy.0 = Debug|Any CPU
		{A841F094-0E3C-4626-8F3D-689081EBE0E6}.AppStore|Any CPU.ActiveCfg = Debug|Any CPU
		{A841F094-0E3C-4626-8F3D-689081EBE0E6}.AppStore|Any CPU.Build.0 = Debug|Any CPU
		{A841F094-0E3C-4626-8F3D-689081EBE0E6}.AppStore|Any CPU.Deploy.0 = Debug|Any CPU
		{A841F094-0E3C-4626-8F3D-689081EBE0E6}.AppStore|ARM.ActiveCfg = Debug|Any CPU
		{A841F094-0E3C-4626-8F3D-689081EBE0E6}.AppStore|ARM.Build.0 = Debug|Any CPU
		{A841F094-0E3C-4626-8F3D-689081EBE0E6}.AppStore|ARM.Deploy.0 = Debug|Any CPU
		{A841F094-0E3C-4626-8F3D-689081EBE0E6}.AppStore|iPhone.ActiveCfg = Debug|Any CPU
		{A841F094-0E3C-4626-8F3D-689081EBE0E6}.AppStore|iPhone.Build.0 = Debug|Any CPU
		{A841F094-0E3C-4626-8F3D-689081EBE0E6}.AppStore|iPhone.Deploy.0 = Debug|Any CPU
		{A841F094-0E3C-4626-8F3D-689081EBE0E6}.AppStore|iPhoneSimulator.ActiveCfg = Debug|Any CPU
		{A841F094-0E3C-4626-8F3D-689081EBE0E6}.AppStore|iPhoneSimulator.Build.0 = Debug|Any CPU
		{A841F094-0E3C-4626-8F3D-689081EBE0E6}.AppStore|iPhoneSimulator.Deploy.0 = Debug|Any CPU
		{A841F094-0E3C-4626-8F3D-689081EBE0E6}.AppStore|x64.ActiveCfg = Debug|Any CPU
		{A841F094-0E3C-4626-8F3D-689081EBE0E6}.AppStore|x64.Build.0 = Debug|Any CPU
		{A841F094-0E3C-4626-8F3D-689081EBE0E6}.AppStore|x64.Deploy.0 = Debug|Any CPU
		{A841F094-0E3C-4626-8F3D-689081EBE0E6}.AppStore|x86.ActiveCfg = Debug|Any CPU
		{A841F094-0E3C-4626-8F3D-689081EBE0E6}.AppStore|x86.Build.0 = Debug|Any CPU
		{A841F094-0E3C-4626-8F3D-689081EBE0E6}.AppStore|x86.Deploy.0 = Debug|Any CPU
		{A841F094-0E3C-4626-8F3D-689081EBE0E6}.Debug|Any CPU.ActiveCfg = Debug|Any CPU
		{A841F094-0E3C-4626-8F3D-689081EBE0E6}.Debug|Any CPU.Build.0 = Debug|Any CPU
		{A841F094-0E3C-4626-8F3D-689081EBE0E6}.Debug|Any CPU.Deploy.0 = Debug|Any CPU
		{A841F094-0E3C-4626-8F3D-689081EBE0E6}.Debug|ARM.ActiveCfg = Debug|Any CPU
		{A841F094-0E3C-4626-8F3D-689081EBE0E6}.Debug|ARM.Build.0 = Debug|Any CPU
		{A841F094-0E3C-4626-8F3D-689081EBE0E6}.Debug|ARM.Deploy.0 = Debug|Any CPU
		{A841F094-0E3C-4626-8F3D-689081EBE0E6}.Debug|iPhone.ActiveCfg = Debug|Any CPU
		{A841F094-0E3C-4626-8F3D-689081EBE0E6}.Debug|iPhone.Build.0 = Debug|Any CPU
		{A841F094-0E3C-4626-8F3D-689081EBE0E6}.Debug|iPhone.Deploy.0 = Debug|Any CPU
		{A841F094-0E3C-4626-8F3D-689081EBE0E6}.Debug|iPhoneSimulator.ActiveCfg = Debug|Any CPU
		{A841F094-0E3C-4626-8F3D-689081EBE0E6}.Debug|iPhoneSimulator.Build.0 = Debug|Any CPU
		{A841F094-0E3C-4626-8F3D-689081EBE0E6}.Debug|iPhoneSimulator.Deploy.0 = Debug|Any CPU
		{A841F094-0E3C-4626-8F3D-689081EBE0E6}.Debug|x64.ActiveCfg = Debug|Any CPU
		{A841F094-0E3C-4626-8F3D-689081EBE0E6}.Debug|x64.Build.0 = Debug|Any CPU
		{A841F094-0E3C-4626-8F3D-689081EBE0E6}.Debug|x64.Deploy.0 = Debug|Any CPU
		{A841F094-0E3C-4626-8F3D-689081EBE0E6}.Debug|x86.ActiveCfg = Debug|Any CPU
		{A841F094-0E3C-4626-8F3D-689081EBE0E6}.Debug|x86.Build.0 = Debug|Any CPU
		{A841F094-0E3C-4626-8F3D-689081EBE0E6}.Debug|x86.Deploy.0 = Debug|Any CPU
		{A841F094-0E3C-4626-8F3D-689081EBE0E6}.Release|Any CPU.ActiveCfg = Release|Any CPU
		{A841F094-0E3C-4626-8F3D-689081EBE0E6}.Release|Any CPU.Build.0 = Release|Any CPU
		{A841F094-0E3C-4626-8F3D-689081EBE0E6}.Release|Any CPU.Deploy.0 = Release|Any CPU
		{A841F094-0E3C-4626-8F3D-689081EBE0E6}.Release|ARM.ActiveCfg = Release|Any CPU
		{A841F094-0E3C-4626-8F3D-689081EBE0E6}.Release|ARM.Build.0 = Release|Any CPU
		{A841F094-0E3C-4626-8F3D-689081EBE0E6}.Release|ARM.Deploy.0 = Release|Any CPU
		{A841F094-0E3C-4626-8F3D-689081EBE0E6}.Release|iPhone.ActiveCfg = Release|Any CPU
		{A841F094-0E3C-4626-8F3D-689081EBE0E6}.Release|iPhone.Build.0 = Release|Any CPU
		{A841F094-0E3C-4626-8F3D-689081EBE0E6}.Release|iPhone.Deploy.0 = Release|Any CPU
		{A841F094-0E3C-4626-8F3D-689081EBE0E6}.Release|iPhoneSimulator.ActiveCfg = Release|Any CPU
		{A841F094-0E3C-4626-8F3D-689081EBE0E6}.Release|iPhoneSimulator.Build.0 = Release|Any CPU
		{A841F094-0E3C-4626-8F3D-689081EBE0E6}.Release|iPhoneSimulator.Deploy.0 = Release|Any CPU
		{A841F094-0E3C-4626-8F3D-689081EBE0E6}.Release|x64.ActiveCfg = Release|Any CPU
		{A841F094-0E3C-4626-8F3D-689081EBE0E6}.Release|x64.Build.0 = Release|Any CPU
		{A841F094-0E3C-4626-8F3D-689081EBE0E6}.Release|x64.Deploy.0 = Release|Any CPU
		{A841F094-0E3C-4626-8F3D-689081EBE0E6}.Release|x86.ActiveCfg = Release|Any CPU
		{A841F094-0E3C-4626-8F3D-689081EBE0E6}.Release|x86.Build.0 = Release|Any CPU
		{A841F094-0E3C-4626-8F3D-689081EBE0E6}.Release|x86.Deploy.0 = Release|Any CPU
	EndGlobalSection
	GlobalSection(SolutionProperties) = preSolution
		HideSolutionNode = FALSE
	EndGlobalSection
	GlobalSection(ExtensibilityGlobals) = postSolution
		SolutionGuid = {8F1D856A-A013-4961-AC70-D7F9218A4023}
	EndGlobalSection
EndGlobal
